
Microsoft Visual Studio Solution File, Format Version 12.00
# Visual Studio Version 17
VisualStudioVersion = 17.6.33723.286
MinimumVisualStudioVersion = 10.0.40219.1
Project("{FAE04EC0-301F-11D3-BF4B-00C04F79EFBC}") = "DiffHttpResponseMessageVSIHttpActionResult", "DiffHttpResponseMessageVSIHttpActionResult\DiffHttpResponseMessageVSIHttpActionResult.csproj", "{CDF68A5E-C081-42B2-A083-80666C3C0E0C}"
EndProject
Global
	GlobalSection(SolutionConfigurationPlatforms) = preSolution
		Debug|Any CPU = Debug|Any CPU
		Release|Any CPU = Release|Any CPU
	EndGlobalSection
	GlobalSection(ProjectConfigurationPlatforms) = postSolution
		{CDF68A5E-C081-42B2-A083-80666C3C0E0C}.Debug|Any CPU.ActiveCfg = Debug|Any CPU
		{CDF68A5E-C081-42B2-A083-80666C3C0E0C}.Debug|Any CPU.Build.0 = Debug|Any CPU
		{CDF68A5E-C081-42B2-A083-80666C3C0E0C}.Release|Any CPU.ActiveCfg = Release|Any CPU
		{CDF68A5E-C081-42B2-A083-80666C3C0E0C}.Release|Any CPU.Build.0 = Release|Any CPU
	EndGlobalSection
	GlobalSection(SolutionProperties) = preSolution
		HideSolutionNode = FALSE
	EndGlobalSection
	GlobalSection(ExtensibilityGlobals) = postSolution
		SolutionGuid = {5F221231-58C6-46FE-9A8D-E403DE4E6C0F}
	EndGlobalSection
EndGlobal
